// !$*UTF8*$!
{
	archiveVersion = 1;
	classes = {
	};
	objectVersion = 46;
	objects = {

/* Begin PBXBuildFile section */
		5E96DAD01C8AEBEB00D1CB31 /* AppDelegate.swift in Sources */ = {isa = PBXBuildFile; fileRef = 5E96DACF1C8AEBEB00D1CB31 /* AppDelegate.swift */; };
		5E96DAD21C8AEBEB00D1CB31 /* ViewController.swift in Sources */ = {isa = PBXBuildFile; fileRef = 5E96DAD11C8AEBEB00D1CB31 /* ViewController.swift */; };
		5E96DAD51C8AEBEB00D1CB31 /* Main.storyboard in Resources */ = {isa = PBXBuildFile; fileRef = 5E96DAD31C8AEBEB00D1CB31 /* Main.storyboard */; };
		5E96DAD71C8AEBEB00D1CB31 /* Assets.xcassets in Resources */ = {isa = PBXBuildFile; fileRef = 5E96DAD61C8AEBEB00D1CB31 /* Assets.xcassets */; };
		5E96DADA1C8AEBEB00D1CB31 /* LaunchScreen.storyboard in Resources */ = {isa = PBXBuildFile; fileRef = 5E96DAD81C8AEBEB00D1CB31 /* LaunchScreen.storyboard */; };
		5E96DAE51C8AEBEB00D1CB31 /* I_Am_RichTests.swift in Sources */ = {isa = PBXBuildFile; fileRef = 5E96DAE41C8AEBEB00D1CB31 /* I_Am_RichTests.swift */; };
		5E96DAF01C8AEBEB00D1CB31 /* I_Am_RichUITests.swift in Sources */ = {isa = PBXBuildFile; fileRef = 5E96DAEF1C8AEBEB00D1CB31 /* I_Am_RichUITests.swift */; };
/* End PBXBuildFile section */

/* Begin PBXContainerItemProxy section */
		5E96DAE11C8AEBEB00D1CB31 /* PBXContainerItemProxy */ = {
			isa = PBXContainerItemProxy;
			containerPortal = 5E96DAC41C8AEBEB00D1CB31 /* Project object */;
			proxyType = 1;
			remoteGlobalIDString = 5E96DACB1C8AEBEB00D1CB31;
			remoteInfo = "I Am Rich";
		};
		5E96DAEC1C8AEBEB00D1CB31 /* PBXContainerItemProxy */ = {
			isa = PBXContainerItemProxy;
			containerPortal = 5E96DAC41C8AEBEB00D1CB31 /* Project object */;
			proxyType = 1;
			remoteGlobalIDString = 5E96DACB1C8AEBEB00D1CB31;
			remoteInfo = "I Am Rich";
		};
/* End PBXContainerItemProxy section */

/* Begin PBXFileReference section */
		5E96DACC1C8AEBEB00D1CB31 /* I Am Rich.app */ = {isa = PBXFileReference; explicitFileType = wrapper.application; includeInIndex = 0; path = "I Am Rich.app"; sourceTree = BUILT_PRODUCTS_DIR; };
		5E96DACF1C8AEBEB00D1CB31 /* AppDelegate.swift */ = {isa = PBXFileReference; lastKnownFileType = sourcecode.swift; path = AppDelegate.swift; sourceTree = "<group>"; };
		5E96DAD11C8AEBEB00D1CB31 /* ViewController.swift */ = {isa = PBXFileReference; lastKnownFileType = sourcecode.swift; path = ViewController.swift; sourceTree = "<group>"; };
		5E96DAD41C8AEBEB00D1CB31 /* Base */ = {isa = PBXFileReference; lastKnownFileType = file.storyboard; name = Base; path = Base.lproj/Main.storyboard; sourceTree = "<group>"; };
		5E96DAD61C8AEBEB00D1CB31 /* Assets.xcassets */ = {isa = PBXFileReference; lastKnownFileType = folder.assetcatalog; path = Assets.xcassets; sourceTree = "<group>"; };
		5E96DAD91C8AEBEB00D1CB31 /* Base */ = {isa = PBXFileReference; lastKnownFileType = file.storyboard; name = Base; path = Base.lproj/LaunchScreen.storyboard; sourceTree = "<group>"; };
		5E96DADB1C8AEBEB00D1CB31 /* Info.plist */ = {isa = PBXFileReference; lastKnownFileType = text.plist.xml; path = Info.plist; sourceTree = "<group>"; };
		5E96DAE01C8AEBEB00D1CB31 /* I Am RichTests.xctest */ = {isa = PBXFileReference; explicitFileType = wrapper.cfbundle; includeInIndex = 0; path = "I Am RichTests.xctest"; sourceTree = BUILT_PRODUCTS_DIR; };
		5E96DAE41C8AEBEB00D1CB31 /* I_Am_RichTests.swift */ = {isa = PBXFileReference; lastKnownFileType = sourcecode.swift; path = I_Am_RichTests.swift; sourceTree = "<group>"; };
		5E96DAE61C8AEBEB00D1CB31 /* Info.plist */ = {isa = PBXFileReference; lastKnownFileType = text.plist.xml; path = Info.plist; sourceTree = "<group>"; };
		5E96DAEB1C8AEBEB00D1CB31 /* I Am RichUITests.xctest */ = {isa = PBXFileReference; explicitFileType = wrapper.cfbundle; includeInIndex = 0; path = "I Am RichUITests.xctest"; sourceTree = BUILT_PRODUCTS_DIR; };
		5E96DAEF1C8AEBEB00D1CB31 /* I_Am_RichUITests.swift */ = {isa = PBXFileReference; lastKnownFileType = sourcecode.swift; path = I_Am_RichUITests.swift; sourceTree = "<group>"; };
		5E96DAF11C8AEBEB00D1CB31 /* Info.plist */ = {isa = PBXFileReference; lastKnownFileType = text.plist.xml; path = Info.plist; sourceTree = "<group>"; };
/* End PBXFileReference section */

/* Begin PBXFrameworksBuildPhase section */
		5E96DAC91C8AEBEB00D1CB31 /* Frameworks */ = {
			isa = PBXFrameworksBuildPhase;
			buildActionMask = 2147483647;
			files = (
			);
			runOnlyForDeploymentPostprocessing = 0;
		};
		5E96DADD1C8AEBEB00D1CB31 /* Frameworks */ = {
			isa = PBXFrameworksBuildPhase;
			buildActionMask = 2147483647;
			files = (
			);
			runOnlyForDeploymentPostprocessing = 0;
		};
		5E96DAE81C8AEBEB00D1CB31 /* Frameworks */ = {
			isa = PBXFrameworksBuildPhase;
			buildActionMask = 2147483647;
			files = (
			);
			runOnlyForDeploymentPostprocessing = 0;
		};
/* End PBXFrameworksBuildPhase section */

/* Begin PBXGroup section */
		5E96DAC31C8AEBEB00D1CB31 = {
			isa = PBXGroup;
			children = (
				5E96DACE1C8AEBEB00D1CB31 /* I Am Rich */,
				5E96DAE31C8AEBEB00D1CB31 /* I Am RichTests */,
				5E96DAEE1C8AEBEB00D1CB31 /* I Am RichUITests */,
				5E96DACD1C8AEBEB00D1CB31 /* Products */,
			);
			sourceTree = "<group>";
		};
		5E96DACD1C8AEBEB00D1CB31 /* Products */ = {
			isa = PBXGroup;
			children = (
				5E96DACC1C8AEBEB00D1CB31 /* I Am Rich.app */,
				5E96DAE01C8AEBEB00D1CB31 /* I Am RichTests.xctest */,
				5E96DAEB1C8AEBEB00D1CB31 /* I Am RichUITests.xctest */,
			);
			name = Products;
			sourceTree = "<group>";
		};
		5E96DACE1C8AEBEB00D1CB31 /* I Am Rich */ = {
			isa = PBXGroup;
			children = (
				5E96DACF1C8AEBEB00D1CB31 /* AppDelegate.swift */,
				5E96DAD11C8AEBEB00D1CB31 /* ViewController.swift */,
				5E96DAD31C8AEBEB00D1CB31 /* Main.storyboard */,
				5E96DAD61C8AEBEB00D1CB31 /* Assets.xcassets */,
				5E96DAD81C8AEBEB00D1CB31 /* LaunchScreen.storyboard */,
				5E96DADB1C8AEBEB00D1CB31 /* Info.plist */,
			);
			path = "I Am Rich";
			sourceTree = "<group>";
		};
		5E96DAE31C8AEBEB00D1CB31 /* I Am RichTests */ = {
			isa = PBXGroup;
			children = (
				5E96DAE41C8AEBEB00D1CB31 /* I_Am_RichTests.swift */,
				5E96DAE61C8AEBEB00D1CB31 /* Info.plist */,
			);
			path = "I Am RichTests";
			sourceTree = "<group>";
		};
		5E96DAEE1C8AEBEB00D1CB31 /* I Am RichUITests */ = {
			isa = PBXGroup;
			children = (
				5E96DAEF1C8AEBEB00D1CB31 /* I_Am_RichUITests.swift */,
				5E96DAF11C8AEBEB00D1CB31 /* Info.plist */,
			);
			path = "I Am RichUITests";
			sourceTree = "<group>";
		};
/* End PBXGroup section */

/* Begin PBXNativeTarget section */
		5E96DACB1C8AEBEB00D1CB31 /* I Am Rich */ = {
			isa = PBXNativeTarget;
			buildConfigurationList = 5E96DAF41C8AEBEB00D1CB31 /* Build configuration list for PBXNativeTarget "I Am Rich" */;
			buildPhases = (
				5E96DAC81C8AEBEB00D1CB31 /* Sources */,
				5E96DAC91C8AEBEB00D1CB31 /* Frameworks */,
				5E96DACA1C8AEBEB00D1CB31 /* Resources */,
			);
			buildRules = (
			);
			dependencies = (
			);
			name = "I Am Rich";
			productName = "I Am Rich";
			productReference = 5E96DACC1C8AEBEB00D1CB31 /* I Am Rich.app */;
			productType = "com.apple.product-type.application";
		};
		5E96DADF1C8AEBEB00D1CB31 /* I Am RichTests */ = {
			isa = PBXNativeTarget;
			buildConfigurationList = 5E96DAF71C8AEBEB00D1CB31 /* Build configuration list for PBXNativeTarget "I Am RichTests" */;
			buildPhases = (
				5E96DADC1C8AEBEB00D1CB31 /* Sources */,
				5E96DADD1C8AEBEB00D1CB31 /* Frameworks */,
				5E96DADE1C8AEBEB00D1CB31 /* Resources */,
			);
			buildRules = (
			);
			dependencies = (
				5E96DAE21C8AEBEB00D1CB31 /* PBXTargetDependency */,
			);
			name = "I Am RichTests";
			productName = "I Am RichTests";
			productReference = 5E96DAE01C8AEBEB00D1CB31 /* I Am RichTests.xctest */;
			productType = "com.apple.product-type.bundle.unit-test";
		};
		5E96DAEA1C8AEBEB00D1CB31 /* I Am RichUITests */ = {
			isa = PBXNativeTarget;
			buildConfigurationList = 5E96DAFA1C8AEBEB00D1CB31 /* Build configuration list for PBXNativeTarget "I Am RichUITests" */;
			buildPhases = (
				5E96DAE71C8AEBEB00D1CB31 /* Sources */,
				5E96DAE81C8AEBEB00D1CB31 /* Frameworks */,
				5E96DAE91C8AEBEB00D1CB31 /* Resources */,
			);
			buildRules = (
			);
			dependencies = (
				5E96DAED1C8AEBEB00D1CB31 /* PBXTargetDependency */,
			);
			name = "I Am RichUITests";
			productName = "I Am RichUITests";
			productReference = 5E96DAEB1C8AEBEB00D1CB31 /* I Am RichUITests.xctest */;
			productType = "com.apple.product-type.bundle.ui-testing";
		};
/* End PBXNativeTarget section */

/* Begin PBXProject section */
		5E96DAC41C8AEBEB00D1CB31 /* Project object */ = {
			isa = PBXProject;
			attributes = {
				LastSwiftUpdateCheck = 0720;
				LastUpgradeCheck = 0720;
				ORGANIZATIONNAME = "Piyush Singh";
				TargetAttributes = {
					5E96DACB1C8AEBEB00D1CB31 = {
						CreatedOnToolsVersion = 7.2.1;
					};
					5E96DADF1C8AEBEB00D1CB31 = {
						CreatedOnToolsVersion = 7.2.1;
						TestTargetID = 5E96DACB1C8AEBEB00D1CB31;
					};
					5E96DAEA1C8AEBEB00D1CB31 = {
						CreatedOnToolsVersion = 7.2.1;
						TestTargetID = 5E96DACB1C8AEBEB00D1CB31;
					};
				};
			};
			buildConfigurationList = 5E96DAC71C8AEBEB00D1CB31 /* Build configuration list for PBXProject "I Am Rich" */;
			compatibilityVersion = "Xcode 3.2";
			developmentRegion = English;
			hasScannedForEncodings = 0;
			knownRegions = (
				en,
				Base,
			);
			mainGroup = 5E96DAC31C8AEBEB00D1CB31;
			productRefGroup = 5E96DACD1C8AEBEB00D1CB31 /* Products */;
			projectDirPath = "";
			projectRoot = "";
			targets = (
				5E96DACB1C8AEBEB00D1CB31 /* I Am Rich */,
				5E96DADF1C8AEBEB00D1CB31 /* I Am RichTests */,
				5E96DAEA1C8AEBEB00D1CB31 /* I Am RichUITests */,
			);
		};
/* End PBXProject section */

/* Begin PBXResourcesBuildPhase section */
		5E96DACA1C8AEBEB00D1CB31 /* Resources */ = {
			isa = PBXResourcesBuildPhase;
			buildActionMask = 2147483647;
			files = (
				5E96DADA1C8AEBEB00D1CB31 /* LaunchScreen.storyboard in Resources */,
				5E96DAD71C8AEBEB00D1CB31 /* Assets.xcassets in Resources */,
				5E96DAD51C8AEBEB00D1CB31 /* Main.storyboard in Resources */,
			);
			runOnlyForDeploymentPostprocessing = 0;
		};
		5E96DADE1C8AEBEB00D1CB31 /* Resources */ = {
			isa = PBXResourcesBuildPhase;
			buildActionMask = 2147483647;
			files = (
			);
			runOnlyForDeploymentPostprocessing = 0;
		};
		5E96DAE91C8AEBEB00D1CB31 /* Resources */ = {
			isa = PBXResourcesBuildPhase;
			buildActionMask = 2147483647;
			files = (
			);
			runOnlyForDeploymentPostprocessing = 0;
		};
/* End PBXResourcesBuildPhase section */

/* Begin PBXSourcesBuildPhase section */
		5E96DAC81C8AEBEB00D1CB31 /* Sources */ = {
			isa = PBXSourcesBuildPhase;
			buildActionMask = 2147483647;
			files = (
				5E96DAD21C8AEBEB00D1CB31 /* ViewController.swift in Sources */,
				5E96DAD01C8AEBEB00D1CB31 /* AppDelegate.swift in Sources */,
			);
			runOnlyForDeploymentPostprocessing = 0;
		};
		5E96DADC1C8AEBEB00D1CB31 /* Sources */ = {
			isa = PBXSourcesBuildPhase;
			buildActionMask = 2147483647;
			files = (
				5E96DAE51C8AEBEB00D1CB31 /* I_Am_RichTests.swift in Sources */,
			);
			runOnlyForDeploymentPostprocessing = 0;
		};
		5E96DAE71C8AEBEB00D1CB31 /* Sources */ = {
			isa = PBXSourcesBuildPhase;
			buildActionMask = 2147483647;
			files = (
				5E96DAF01C8AEBEB00D1CB31 /* I_Am_RichUITests.swift in Sources */,
			);
			runOnlyForDeploymentPostprocessing = 0;
		};
/* End PBXSourcesBuildPhase section */

/* Begin PBXTargetDependency section */
		5E96DAE21C8AEBEB00D1CB31 /* PBXTargetDependency */ = {
			isa = PBXTargetDependency;
			target = 5E96DACB1C8AEBEB00D1CB31 /* I Am Rich */;
			targetProxy = 5E96DAE11C8AEBEB00D1CB31 /* PBXContainerItemProxy */;
		};
		5E96DAED1C8AEBEB00D1CB31 /* PBXTargetDependency */ = {
			isa = PBXTargetDependency;
			target = 5E96DACB1C8AEBEB00D1CB31 /* I Am Rich */;
			targetProxy = 5E96DAEC1C8AEBEB00D1CB31 /* PBXContainerItemProxy */;
		};
/* End PBXTargetDependency section */

/* Begin PBXVariantGroup section */
		5E96DAD31C8AEBEB00D1CB31 /* Main.storyboard */ = {
			isa = PBXVariantGroup;
			children = (
				5E96DAD41C8AEBEB00D1CB31 /* Base */,
			);
			name = Main.storyboard;
			sourceTree = "<group>";
		};
		5E96DAD81C8AEBEB00D1CB31 /* LaunchScreen.storyboard */ = {
			isa = PBXVariantGroup;
			children = (
				5E96DAD91C8AEBEB00D1CB31 /* Base */,
			);
			name = LaunchScreen.storyboard;
			sourceTree = "<group>";
		};
/* End PBXVariantGroup section */

/* Begin XCBuildConfiguration section */
		5E96DAF21C8AEBEB00D1CB31 /* Debug */ = {
			isa = XCBuildConfiguration;
			buildSettings = {
				ALWAYS_SEARCH_USER_PATHS = NO;
				CLANG_CXX_LANGUAGE_STANDARD = "gnu++0x";
				CLANG_CXX_LIBRARY = "libc++";
				CLANG_ENABLE_MODULES = YES;
				CLANG_ENABLE_OBJC_ARC = YES;
				CLANG_WARN_BOOL_CONVERSION = YES;
				CLANG_WARN_CONSTANT_CONVERSION = YES;
				CLANG_WARN_DIRECT_OBJC_ISA_USAGE = YES_ERROR;
				CLANG_WARN_EMPTY_BODY = YES;
				CLANG_WARN_ENUM_CONVERSION = YES;
				CLANG_WARN_INT_CONVERSION = YES;
				CLANG_WARN_OBJC_ROOT_CLASS = YES_ERROR;
				CLANG_WARN_UNREACHABLE_CODE = YES;
				CLANG_WARN__DUPLICATE_METHOD_MATCH = YES;
				"CODE_SIGN_IDENTITY[sdk=iphoneos*]" = "iPhone Developer";
				COPY_PHASE_STRIP = NO;
				DEBUG_INFORMATION_FORMAT = dwarf;
				ENABLE_STRICT_OBJC_MSGSEND = YES;
				ENABLE_TESTABILITY = YES;
				GCC_C_LANGUAGE_STANDARD = gnu99;
				GCC_DYNAMIC_NO_PIC = NO;
				GCC_NO_COMMON_BLOCKS = YES;
				GCC_OPTIMIZATION_LEVEL = 0;
				GCC_PREPROCESSOR_DEFINITIONS = (
					"DEBUG=1",
					"$(inherited)",
				);
				GCC_WARN_64_TO_32_BIT_CONVERSION = YES;
				GCC_WARN_ABOUT_RETURN_TYPE = YES_ERROR;
				GCC_WARN_UNDECLARED_SELECTOR = YES;
				GCC_WARN_UNINITIALIZED_AUTOS = YES_AGGRESSIVE;
				GCC_WARN_UNUSED_FUNCTION = YES;
				GCC_WARN_UNUSED_VARIABLE = YES;
				IPHONEOS_DEPLOYMENT_TARGET = 9.2;
				MTL_ENABLE_DEBUG_INFO = YES;
				ONLY_ACTIVE_ARCH = YES;
				SDKROOT = iphoneos;
				SWIFT_OPTIMIZATION_LEVEL = "-Onone";
			};
			name = Debug;
		};
		5E96DAF31C8AEBEB00D1CB31 /* Release */ = {
			isa = XCBuildConfiguration;
			buildSettings = {
				ALWAYS_SEARCH_USER_PATHS = NO;
				CLANG_CXX_LANGUAGE_STANDARD = "gnu++0x";
				CLANG_CXX_LIBRARY = "libc++";
				CLANG_ENABLE_MODULES = YES;
				CLANG_ENABLE_OBJC_ARC = YES;
				CLANG_WARN_BOOL_CONVERSION = YES;
				CLANG_WARN_CONSTANT_CONVERSION = YES;
				CLANG_WARN_DIRECT_OBJC_ISA_USAGE = YES_ERROR;
				CLANG_WARN_EMPTY_BODY = YES;
				CLANG_WARN_ENUM_CONVERSION = YES;
				CLANG_WARN_INT_CONVERSION = YES;
				CLANG_WARN_OBJC_ROOT_CLASS = YES_ERROR;
				CLANG_WARN_UNREACHABLE_CODE = YES;
				CLANG_WARN__DUPLICATE_METHOD_MATCH = YES;
				"CODE_SIGN_IDENTITY[sdk=iphoneos*]" = "iPhone Developer";
				COPY_PHASE_STRIP = NO;
				DEBUG_INFORMATION_FORMAT = "dwarf-with-dsym";
				ENABLE_NS_ASSERTIONS = NO;
				ENABLE_STRICT_OBJC_MSGSEND = YES;
				GCC_C_LANGUAGE_STANDARD = gnu99;
				GCC_NO_COMMON_BLOCKS = YES;
				GCC_WARN_64_TO_32_BIT_CONVERSION = YES;
				GCC_WARN_ABOUT_RETURN_TYPE = YES_ERROR;
				GCC_WARN_UNDECLARED_SELECTOR = YES;
				GCC_WARN_UNINITIALIZED_AUTOS = YES_AGGRESSIVE;
				GCC_WARN_UNUSED_FUNCTION = YES;
				GCC_WARN_UNUSED_VARIABLE = YES;
				IPHONEOS_DEPLOYMENT_TARGET = 9.2;
				MTL_ENABLE_DEBUG_INFO = NO;
				SDKROOT = iphoneos;
				VALIDATE_PRODUCT = YES;
			};
			name = Release;
		};
		5E96DAF51C8AEBEB00D1CB31 /* Debug */ = {
			isa = XCBuildConfiguration;
			buildSettings = {
				ASSETCATALOG_COMPILER_APPICON_NAME = AppIcon;
				INFOPLIST_FILE = "I Am Rich/Info.plist";
				LD_RUNPATH_SEARCH_PATHS = "$(inherited) @executable_path/Frameworks";
				PRODUCT_BUNDLE_IDENTIFIER = "com.home.I-Am-Rich";
				PRODUCT_NAME = "$(TARGET_NAME)";
			};
			name = Debug;
		};
		5E96DAF61C8AEBEB00D1CB31 /* Release */ = {
			isa = XCBuildConfiguration;
			buildSettings = {
				ASSETCATALOG_COMPILER_APPICON_NAME = AppIcon;
				INFOPLIST_FILE = "I Am Rich/Info.plist";
				LD_RUNPATH_SEARCH_PATHS = "$(inherited) @executable_path/Frameworks";
				PRODUCT_BUNDLE_IDENTIFIER = "com.home.I-Am-Rich";
				PRODUCT_NAME = "$(TARGET_NAME)";
			};
			name = Release;
		};
		5E96DAF81C8AEBEB00D1CB31 /* Debug */ = {
			isa = XCBuildConfiguration;
			buildSettings = {
				BUNDLE_LOADER = "$(TEST_HOST)";
				INFOPLIST_FILE = "I Am RichTests/Info.plist";
				LD_RUNPATH_SEARCH_PATHS = "$(inherited) @executable_path/Frameworks @loader_path/Frameworks";
				PRODUCT_BUNDLE_IDENTIFIER = "com.home.I-Am-RichTests";
				PRODUCT_NAME = "$(TARGET_NAME)";
				TEST_HOST = "$(BUILT_PRODUCTS_DIR)/I Am Rich.app/I Am Rich";
			};
			name = Debug;
		};
		5E96DAF91C8AEBEB00D1CB31 /* Release */ = {
			isa = XCBuildConfiguration;
			buildSettings = {
				BUNDLE_LOADER = "$(TEST_HOST)";
				INFOPLIST_FILE = "I Am RichTests/Info.plist";
				LD_RUNPATH_SEARCH_PATHS = "$(inherited) @executable_path/Frameworks @loader_path/Frameworks";
				PRODUCT_BUNDLE_IDENTIFIER = "com.home.I-Am-RichTests";
				PRODUCT_NAME = "$(TARGET_NAME)";
				TEST_HOST = "$(BUILT_PRODUCTS_DIR)/I Am Rich.app/I Am Rich";
			};
			name = Release;
		};
		5E96DAFB1C8AEBEB00D1CB31 /* Debug */ = {
			isa = XCBuildConfiguration;
			buildSettings = {
				INFOPLIST_FILE = "I Am RichUITests/Info.plist";
				LD_RUNPATH_SEARCH_PATHS = "$(inherited) @executable_path/Frameworks @loader_path/Frameworks";
				PRODUCT_BUNDLE_IDENTIFIER = "com.home.I-Am-RichUITests";
				PRODUCT_NAME = "$(TARGET_NAME)";
				TEST_TARGET_NAME = "I Am Rich";
				USES_XCTRUNNER = YES;
			};
			name = Debug;
		};
		5E96DAFC1C8AEBEB00D1CB31 /* Release */ = {
			isa = XCBuildConfiguration;
			buildSettings = {
				INFOPLIST_FILE = "I Am RichUITests/Info.plist";
				LD_RUNPATH_SEARCH_PATHS = "$(inherited) @executable_path/Frameworks @loader_path/Frameworks";
				PRODUCT_BUNDLE_IDENTIFIER = "com.home.I-Am-RichUITests";
				PRODUCT_NAME = "$(TARGET_NAME)";
				TEST_TARGET_NAME = "I Am Rich";
				USES_XCTRUNNER = YES;
			};
			name = Release;
		};
/* End XCBuildConfiguration section */

/* Begin XCConfigurationList section */
		5E96DAC71C8AEBEB00D1CB31 /* Build configuration list for PBXProject "I Am Rich" */ = {
			isa = XCConfigurationList;
			buildConfigurations = (
				5E96DAF21C8AEBEB00D1CB31 /* Debug */,
				5E96DAF31C8AEBEB00D1CB31 /* Release */,
			);
			defaultConfigurationIsVisible = 0;
			defaultConfigurationName = Release;
		};
		5E96DAF41C8AEBEB00D1CB31 /* Build configuration list for PBXNativeTarget "I Am Rich" */ = {
			isa = XCConfigurationList;
			buildConfigurations = (
				5E96DAF51C8AEBEB00D1CB31 /* Debug */,
				5E96DAF61C8AEBEB00D1CB31 /* Release */,
			);
			defaultConfigurationIsVisible = 0;
		};
		5E96DAF71C8AEBEB00D1CB31 /* Build configuration list for PBXNativeTarget "I Am RichTests" */ = {
			isa = XCConfigurationList;
			buildConfigurations = (
				5E96DAF81C8AEBEB00D1CB31 /* Debug */,
				5E96DAF91C8AEBEB00D1CB31 /* Release */,
			);
			defaultConfigurationIsVisible = 0;
		};
		5E96DAFA1C8AEBEB00D1CB31 /* Build configuration list for PBXNativeTarget "I Am RichUITests" */ = {
			isa = XCConfigurationList;
			buildConfigurations = (
				5E96DAFB1C8AEBEB00D1CB31 /* Debug */,
				5E96DAFC1C8AEBEB00D1CB31 /* Release */,
			);
			defaultConfigurationIsVisible = 0;
		};
/* End XCConfigurationList section */
	};
	rootObject = 5E96DAC41C8AEBEB00D1CB31 /* Project object */;
}
